
Microsoft Visual Studio Solution File, Format Version 12.00
# Visual Studio 15
VisualStudioVersion = 15.0.28307.572
MinimumVisualStudioVersion = 10.0.40219.1
Project("{FAE04EC0-301F-11D3-BF4B-00C04F79EFBC}") = "XamarinTestApp5.Android", "XamarinTestApp5\XamarinTestApp5.Android\XamarinTestApp5.Android.csproj", "{D014715F-696D-40CA-8D9E-F816F7681415}"
EndProject
Project("{FAE04EC0-301F-11D3-BF4B-00C04F79EFBC}") = "XamarinTestApp5.iOS", "XamarinTestApp5\XamarinTestApp5.iOS\XamarinTestApp5.iOS.csproj", "{390AB03E-1E84-45A7-99BF-74BAB8156144}"
EndProject
Project("{FAE04EC0-301F-11D3-BF4B-00C04F79EFBC}") = "XamarinTestApp5.UWP", "XamarinTestApp5\XamarinTestApp5.UWP\XamarinTestApp5.UWP.csproj", "{E1211B4B-4954-40FF-AB81-B92C44E21FEC}"
EndProject
Project("{FAE04EC0-301F-11D3-BF4B-00C04F79EFBC}") = "XamarinTestApp5", "XamarinTestApp5\XamarinTestApp5\XamarinTestApp5.csproj", "{32C02C31-73B3-4AAF-A2B3-483EA347D376}"
EndProject
Global
	GlobalSection(SolutionConfigurationPlatforms) = preSolution
		Ad-Hoc|Any CPU = Ad-Hoc|Any CPU
		Ad-Hoc|ARM = Ad-Hoc|ARM
		Ad-Hoc|iPhone = Ad-Hoc|iPhone
		Ad-Hoc|iPhoneSimulator = Ad-Hoc|iPhoneSimulator
		Ad-Hoc|x64 = Ad-Hoc|x64
		Ad-Hoc|x86 = Ad-Hoc|x86
		AppStore|Any CPU = AppStore|Any CPU
		AppStore|ARM = AppStore|ARM
		AppStore|iPhone = AppStore|iPhone
		AppStore|iPhoneSimulator = AppStore|iPhoneSimulator
		AppStore|x64 = AppStore|x64
		AppStore|x86 = AppStore|x86
		Debug|Any CPU = Debug|Any CPU
		Debug|ARM = Debug|ARM
		Debug|iPhone = Debug|iPhone
		Debug|iPhoneSimulator = Debug|iPhoneSimulator
		Debug|x64 = Debug|x64
		Debug|x86 = Debug|x86
		Release|Any CPU = Release|Any CPU
		Release|ARM = Release|ARM
		Release|iPhone = Release|iPhone
		Release|iPhoneSimulator = Release|iPhoneSimulator
		Release|x64 = Release|x64
		Release|x86 = Release|x86
	EndGlobalSection
	GlobalSection(ProjectConfigurationPlatforms) = postSolution
		{D014715F-696D-40CA-8D9E-F816F7681415}.Ad-Hoc|Any CPU.ActiveCfg = Release|Any CPU
		{D014715F-696D-40CA-8D9E-F816F7681415}.Ad-Hoc|Any CPU.Build.0 = Release|Any CPU
		{D014715F-696D-40CA-8D9E-F816F7681415}.Ad-Hoc|Any CPU.Deploy.0 = Release|Any CPU
		{D014715F-696D-40CA-8D9E-F816F7681415}.Ad-Hoc|ARM.ActiveCfg = Release|Any CPU
		{D014715F-696D-40CA-8D9E-F816F7681415}.Ad-Hoc|ARM.Build.0 = Release|Any CPU
		{D014715F-696D-40CA-8D9E-F816F7681415}.Ad-Hoc|ARM.Deploy.0 = Release|Any CPU
		{D014715F-696D-40CA-8D9E-F816F7681415}.Ad-Hoc|iPhone.ActiveCfg = Release|Any CPU
		{D014715F-696D-40CA-8D9E-F816F7681415}.Ad-Hoc|iPhone.Build.0 = Release|Any CPU
		{D014715F-696D-40CA-8D9E-F816F7681415}.Ad-Hoc|iPhone.Deploy.0 = Release|Any CPU
		{D014715F-696D-40CA-8D9E-F816F7681415}.Ad-Hoc|iPhoneSimulator.ActiveCfg = Release|Any CPU
		{D014715F-696D-40CA-8D9E-F816F7681415}.Ad-Hoc|iPhoneSimulator.Build.0 = Release|Any CPU
		{D014715F-696D-40CA-8D9E-F816F7681415}.Ad-Hoc|iPhoneSimulator.Deploy.0 = Release|Any CPU
		{D014715F-696D-40CA-8D9E-F816F7681415}.Ad-Hoc|x64.ActiveCfg = Release|Any CPU
		{D014715F-696D-40CA-8D9E-F816F7681415}.Ad-Hoc|x64.Build.0 = Release|Any CPU
		{D014715F-696D-40CA-8D9E-F816F7681415}.Ad-Hoc|x64.Deploy.0 = Release|Any CPU
		{D014715F-696D-40CA-8D9E-F816F7681415}.Ad-Hoc|x86.ActiveCfg = Release|Any CPU
		{D014715F-696D-40CA-8D9E-F816F7681415}.Ad-Hoc|x86.Build.0 = Release|Any CPU
		{D014715F-696D-40CA-8D9E-F816F7681415}.Ad-Hoc|x86.Deploy.0 = Release|Any CPU
		{D014715F-696D-40CA-8D9E-F816F7681415}.AppStore|Any CPU.ActiveCfg = Release|Any CPU
		{D014715F-696D-40CA-8D9E-F816F7681415}.AppStore|Any CPU.Build.0 = Release|Any CPU
		{D014715F-696D-40CA-8D9E-F816F7681415}.AppStore|Any CPU.Deploy.0 = Release|Any CPU
		{D014715F-696D-40CA-8D9E-F816F7681415}.AppStore|ARM.ActiveCfg = Release|Any CPU
		{D014715F-696D-40CA-8D9E-F816F7681415}.AppStore|ARM.Build.0 = Release|Any CPU
		{D014715F-696D-40CA-8D9E-F816F7681415}.AppStore|ARM.Deploy.0 = Release|Any CPU
		{D014715F-696D-40CA-8D9E-F816F7681415}.AppStore|iPhone.ActiveCfg = Release|Any CPU
		{D014715F-696D-40CA-8D9E-F816F7681415}.AppStore|iPhone.Build.0 = Release|Any CPU
		{D014715F-696D-40CA-8D9E-F816F7681415}.AppStore|iPhone.Deploy.0 = Release|Any CPU
		{D014715F-696D-40CA-8D9E-F816F7681415}.AppStore|iPhoneSimulator.ActiveCfg = Release|Any CPU
		{D014715F-696D-40CA-8D9E-F816F7681415}.AppStore|iPhoneSimulator.Build.0 = Release|Any CPU
		{D014715F-696D-40CA-8D9E-F816F7681415}.AppStore|iPhoneSimulator.Deploy.0 = Release|Any CPU
		{D014715F-696D-40CA-8D9E-F816F7681415}.AppStore|x64.ActiveCfg = Release|Any CPU
		{D014715F-696D-40CA-8D9E-F816F7681415}.AppStore|x64.Build.0 = Release|Any CPU
		{D014715F-696D-40CA-8D9E-F816F7681415}.AppStore|x64.Deploy.0 = Release|Any CPU
		{D014715F-696D-40CA-8D9E-F816F7681415}.AppStore|x86.ActiveCfg = Release|Any CPU
		{D014715F-696D-40CA-8D9E-F816F7681415}.AppStore|x86.Build.0 = Release|Any CPU
		{D014715F-696D-40CA-8D9E-F816F7681415}.AppStore|x86.Deploy.0 = Release|Any CPU
		{D014715F-696D-40CA-8D9E-F816F7681415}.Debug|Any CPU.ActiveCfg = Debug|Any CPU
		{D014715F-696D-40CA-8D9E-F816F7681415}.Debug|Any CPU.Build.0 = Debug|Any CPU
		{D014715F-696D-40CA-8D9E-F816F7681415}.Debug|Any CPU.Deploy.0 = Debug|Any CPU
		{D014715F-696D-40CA-8D9E-F816F7681415}.Debug|ARM.ActiveCfg = Debug|Any CPU
		{D014715F-696D-40CA-8D9E-F816F7681415}.Debug|ARM.Build.0 = Debug|Any CPU
		{D014715F-696D-40CA-8D9E-F816F7681415}.Debug|ARM.Deploy.0 = Debug|Any CPU
		{D014715F-696D-40CA-8D9E-F816F7681415}.Debug|iPhone.ActiveCfg = Debug|Any CPU
		{D014715F-696D-40CA-8D9E-F816F7681415}.Debug|iPhone.Build.0 = Debug|Any CPU
		{D014715F-696D-40CA-8D9E-F816F7681415}.Debug|iPhone.Deploy.0 = Debug|Any CPU
		{D014715F-696D-40CA-8D9E-F816F7681415}.Debug|iPhoneSimulator.ActiveCfg = Debug|Any CPU
		{D014715F-696D-40CA-8D9E-F816F7681415}.Debug|iPhoneSimulator.Build.0 = Debug|Any CPU
		{D014715F-696D-40CA-8D9E-F816F7681415}.Debug|iPhoneSimulator.Deploy.0 = Debug|Any CPU
		{D014715F-696D-40CA-8D9E-F816F7681415}.Debug|x64.ActiveCfg = Debug|Any CPU
		{D014715F-696D-40CA-8D9E-F816F7681415}.Debug|x64.Build.0 = Debug|Any CPU
		{D014715F-696D-40CA-8D9E-F816F7681415}.Debug|x64.Deploy.0 = Debug|Any CPU
		{D014715F-696D-40CA-8D9E-F816F7681415}.Debug|x86.ActiveCfg = Debug|Any CPU
		{D014715F-696D-40CA-8D9E-F816F7681415}.Debug|x86.Build.0 = Debug|Any CPU
		{D014715F-696D-40CA-8D9E-F816F7681415}.Debug|x86.Deploy.0 = Debug|Any CPU
		{D014715F-696D-40CA-8D9E-F816F7681415}.Release|Any CPU.ActiveCfg = Release|Any CPU
		{D014715F-696D-40CA-8D9E-F816F7681415}.Release|Any CPU.Build.0 = Release|Any CPU
		{D014715F-696D-40CA-8D9E-F816F7681415}.Release|Any CPU.Deploy.0 = Release|Any CPU
		{D014715F-696D-40CA-8D9E-F816F7681415}.Release|ARM.ActiveCfg = Release|Any CPU
		{D014715F-696D-40CA-8D9E-F816F7681415}.Release|ARM.Build.0 = Release|Any CPU
		{D014715F-696D-40CA-8D9E-F816F7681415}.Release|ARM.Deploy.0 = Release|Any CPU
		{D014715F-696D-40CA-8D9E-F816F7681415}.Release|iPhone.ActiveCfg = Release|Any CPU
		{D014715F-696D-40CA-8D9E-F816F7681415}.Release|iPhone.Build.0 = Release|Any CPU
		{D014715F-696D-40CA-8D9E-F816F7681415}.Release|iPhone.Deploy.0 = Release|Any CPU
		{D014715F-696D-40CA-8D9E-F816F7681415}.Release|iPhoneSimulator.ActiveCfg = Release|Any CPU
		{D014715F-696D-40CA-8D9E-F816F7681415}.Release|iPhoneSimulator.Build.0 = Release|Any CPU
		{D014715F-696D-40CA-8D9E-F816F7681415}.Release|iPhoneSimulator.Deploy.0 = Release|Any CPU
		{D014715F-696D-40CA-8D9E-F816F7681415}.Release|x64.ActiveCfg = Release|Any CPU
		{D014715F-696D-40CA-8D9E-F816F7681415}.Release|x64.Build.0 = Release|Any CPU
		{D014715F-696D-40CA-8D9E-F816F7681415}.Release|x64.Deploy.0 = Release|Any CPU
		{D014715F-696D-40CA-8D9E-F816F7681415}.Release|x86.ActiveCfg = Release|Any CPU
		{D014715F-696D-40CA-8D9E-F816F7681415}.Release|x86.Build.0 = Release|Any CPU
		{D014715F-696D-40CA-8D9E-F816F7681415}.Release|x86.Deploy.0 = Release|Any CPU
		{390AB03E-1E84-45A7-99BF-74BAB8156144}.Ad-Hoc|Any CPU.ActiveCfg = Ad-Hoc|iPhone
		{390AB03E-1E84-45A7-99BF-74BAB8156144}.Ad-Hoc|Any CPU.Build.0 = Ad-Hoc|iPhone
		{390AB03E-1E84-45A7-99BF-74BAB8156144}.Ad-Hoc|Any CPU.Deploy.0 = Ad-Hoc|iPhone
		{390AB03E-1E84-45A7-99BF-74BAB8156144}.Ad-Hoc|ARM.ActiveCfg = Ad-Hoc|iPhone
		{390AB03E-1E84-45A7-99BF-74BAB8156144}.Ad-Hoc|ARM.Build.0 = Ad-Hoc|iPhone
		{390AB03E-1E84-45A7-99BF-74BAB8156144}.Ad-Hoc|ARM.Deploy.0 = Ad-Hoc|iPhone
		{390AB03E-1E84-45A7-99BF-74BAB8156144}.Ad-Hoc|iPhone.ActiveCfg = Ad-Hoc|iPhone
		{390AB03E-1E84-45A7-99BF-74BAB8156144}.Ad-Hoc|iPhone.Build.0 = Ad-Hoc|iPhone
		{390AB03E-1E84-45A7-99BF-74BAB8156144}.Ad-Hoc|iPhone.Deploy.0 = Ad-Hoc|iPhone
		{390AB03E-1E84-45A7-99BF-74BAB8156144}.Ad-Hoc|iPhoneSimulator.ActiveCfg = Ad-Hoc|iPhoneSimulator
		{390AB03E-1E84-45A7-99BF-74BAB8156144}.Ad-Hoc|iPhoneSimulator.Build.0 = Ad-Hoc|iPhoneSimulator
		{390AB03E-1E84-45A7-99BF-74BAB8156144}.Ad-Hoc|iPhoneSimulator.Deploy.0 = Ad-Hoc|iPhoneSimulator
		{390AB03E-1E84-45A7-99BF-74BAB8156144}.Ad-Hoc|x64.ActiveCfg = Ad-Hoc|iPhone
		{390AB03E-1E84-45A7-99BF-74BAB8156144}.Ad-Hoc|x64.Build.0 = Ad-Hoc|iPhone
		{390AB03E-1E84-45A7-99BF-74BAB8156144}.Ad-Hoc|x64.Deploy.0 = Ad-Hoc|iPhone
		{390AB03E-1E84-45A7-99BF-74BAB8156144}.Ad-Hoc|x86.ActiveCfg = Ad-Hoc|iPhone
		{390AB03E-1E84-45A7-99BF-74BAB8156144}.Ad-Hoc|x86.Build.0 = Ad-Hoc|iPhone
		{390AB03E-1E84-45A7-99BF-74BAB8156144}.Ad-Hoc|x86.Deploy.0 = Ad-Hoc|iPhone
		{390AB03E-1E84-45A7-99BF-74BAB8156144}.AppStore|Any CPU.ActiveCfg = AppStore|iPhone
		{390AB03E-1E84-45A7-99BF-74BAB8156144}.AppStore|Any CPU.Build.0 = AppStore|iPhone
		{390AB03E-1E84-45A7-99BF-74BAB8156144}.AppStore|Any CPU.Deploy.0 = AppStore|iPhone
		{390AB03E-1E84-45A7-99BF-74BAB8156144}.AppStore|ARM.ActiveCfg = AppStore|iPhone
		{390AB03E-1E84-45A7-99BF-74BAB8156144}.AppStore|ARM.Build.0 = AppStore|iPhone
		{390AB03E-1E84-45A7-99BF-74BAB8156144}.AppStore|ARM.Deploy.0 = AppStore|iPhone
		{390AB03E-1E84-45A7-99BF-74BAB8156144}.AppStore|iPhone.ActiveCfg = AppStore|iPhone
		{390AB03E-1E84-45A7-99BF-74BAB8156144}.AppStore|iPhone.Build.0 = AppStore|iPhone
		{390AB03E-1E84-45A7-99BF-74BAB8156144}.AppStore|iPhone.Deploy.0 = AppStore|iPhone
		{390AB03E-1E84-45A7-99BF-74BAB8156144}.AppStore|iPhoneSimulator.ActiveCfg = AppStore|iPhoneSimulator
		{390AB03E-1E84-45A7-99BF-74BAB8156144}.AppStore|iPhoneSimulator.Build.0 = AppStore|iPhoneSimulator
		{390AB03E-1E84-45A7-99BF-74BAB8156144}.AppStore|iPhoneSimulator.Deploy.0 = AppStore|iPhoneSimulator
		{390AB03E-1E84-45A7-99BF-74BAB8156144}.AppStore|x64.ActiveCfg = AppStore|iPhone
		{390AB03E-1E84-45A7-99BF-74BAB8156144}.AppStore|x64.Build.0 = AppStore|iPhone
		{390AB03E-1E84-45A7-99BF-74BAB8156144}.AppStore|x64.Deploy.0 = AppStore|iPhone
		{390AB03E-1E84-45A7-99BF-74BAB8156144}.AppStore|x86.ActiveCfg = AppStore|iPhone
		{390AB03E-1E84-45A7-99BF-74BAB8156144}.AppStore|x86.Build.0 = AppStore|iPhone
		{390AB03E-1E84-45A7-99BF-74BAB8156144}.AppStore|x86.Deploy.0 = AppStore|iPhone
		{390AB03E-1E84-45A7-99BF-74BAB8156144}.Debug|Any CPU.ActiveCfg = Debug|iPhoneSimulator
		{390AB03E-1E84-45A7-99BF-74BAB8156144}.Debug|Any CPU.Build.0 = Debug|iPhoneSimulator
		{390AB03E-1E84-45A7-99BF-74BAB8156144}.Debug|Any CPU.Deploy.0 = Debug|iPhoneSimulator
		{390AB03E-1E84-45A7-99BF-74BAB8156144}.Debug|ARM.ActiveCfg = Debug|iPhone
		{390AB03E-1E84-45A7-99BF-74BAB8156144}.Debug|ARM.Build.0 = Debug|iPhone
		{390AB03E-1E84-45A7-99BF-74BAB8156144}.Debug|ARM.Deploy.0 = Debug|iPhone
		{390AB03E-1E84-45A7-99BF-74BAB8156144}.Debug|iPhone.ActiveCfg = Debug|iPhone
		{390AB03E-1E84-45A7-99BF-74BAB8156144}.Debug|iPhone.Build.0 = Debug|iPhone
		{390AB03E-1E84-45A7-99BF-74BAB8156144}.Debug|iPhone.Deploy.0 = Debug|iPhone
		{390AB03E-1E84-45A7-99BF-74BAB8156144}.Debug|iPhoneSimulator.ActiveCfg = Debug|iPhoneSimulator
		{390AB03E-1E84-45A7-99BF-74BAB8156144}.Debug|iPhoneSimulator.Build.0 = Debug|iPhoneSimulator
		{390AB03E-1E84-45A7-99BF-74BAB8156144}.Debug|iPhoneSimulator.Deploy.0 = Debug|iPhoneSimulator
		{390AB03E-1E84-45A7-99BF-74BAB8156144}.Debug|x64.ActiveCfg = Debug|iPhone
		{390AB03E-1E84-45A7-99BF-74BAB8156144}.Debug|x64.Build.0 = Debug|iPhone
		{390AB03E-1E84-45A7-99BF-74BAB8156144}.Debug|x64.Deploy.0 = Debug|iPhone
		{390AB03E-1E84-45A7-99BF-74BAB8156144}.Debug|x86.ActiveCfg = Debug|iPhone
		{390AB03E-1E84-45A7-99BF-74BAB8156144}.Debug|x86.Build.0 = Debug|iPhone
		{390AB03E-1E84-45A7-99BF-74BAB8156144}.Debug|x86.Deploy.0 = Debug|iPhone
		{390AB03E-1E84-45A7-99BF-74BAB8156144}.Release|Any CPU.ActiveCfg = Release|iPhone
		{390AB03E-1E84-45A7-99BF-74BAB8156144}.Release|Any CPU.Build.0 = Release|iPhone
		{390AB03E-1E84-45A7-99BF-74BAB8156144}.Release|Any CPU.Deploy.0 = Release|iPhone
		{390AB03E-1E84-45A7-99BF-74BAB8156144}.Release|ARM.ActiveCfg = Release|iPhone
		{390AB03E-1E84-45A7-99BF-74BAB8156144}.Release|ARM.Build.0 = Release|iPhone
		{390AB03E-1E84-45A7-99BF-74BAB8156144}.Release|ARM.Deploy.0 = Release|iPhone
		{390AB03E-1E84-45A7-99BF-74BAB8156144}.Release|iPhone.ActiveCfg = Release|iPhone
		{390AB03E-1E84-45A7-99BF-74BAB8156144}.Release|iPhone.Build.0 = Release|iPhone
		{390AB03E-1E84-45A7-99BF-74BAB8156144}.Release|iPhone.Deploy.0 = Release|iPhone
		{390AB03E-1E84-45A7-99BF-74BAB8156144}.Release|iPhoneSimulator.ActiveCfg = Release|iPhoneSimulator
		{390AB03E-1E84-45A7-99BF-74BAB8156144}.Release|iPhoneSimulator.Build.0 = Release|iPhoneSimulator
		{390AB03E-1E84-45A7-99BF-74BAB8156144}.Release|iPhoneSimulator.Deploy.0 = Release|iPhoneSimulator
		{390AB03E-1E84-45A7-99BF-74BAB8156144}.Release|x64.ActiveCfg = Release|iPhone
		{390AB03E-1E84-45A7-99BF-74BAB8156144}.Release|x64.Build.0 = Release|iPhone
		{390AB03E-1E84-45A7-99BF-74BAB8156144}.Release|x64.Deploy.0 = Release|iPhone
		{390AB03E-1E84-45A7-99BF-74BAB8156144}.Release|x86.ActiveCfg = Release|iPhone
		{390AB03E-1E84-45A7-99BF-74BAB8156144}.Release|x86.Build.0 = Release|iPhone
		{390AB03E-1E84-45A7-99BF-74BAB8156144}.Release|x86.Deploy.0 = Release|iPhone
		{E1211B4B-4954-40FF-AB81-B92C44E21FEC}.Ad-Hoc|Any CPU.ActiveCfg = Release|x86
		{E1211B4B-4954-40FF-AB81-B92C44E21FEC}.Ad-Hoc|Any CPU.Build.0 = Release|x86
		{E1211B4B-4954-40FF-AB81-B92C44E21FEC}.Ad-Hoc|Any CPU.Deploy.0 = Release|x86
		{E1211B4B-4954-40FF-AB81-B92C44E21FEC}.Ad-Hoc|ARM.ActiveCfg = Release|ARM
		{E1211B4B-4954-40FF-AB81-B92C44E21FEC}.Ad-Hoc|ARM.Build.0 = Release|ARM
		{E1211B4B-4954-40FF-AB81-B92C44E21FEC}.Ad-Hoc|ARM.Deploy.0 = Release|ARM
		{E1211B4B-4954-40FF-AB81-B92C44E21FEC}.Ad-Hoc|iPhone.ActiveCfg = Release|x86
		{E1211B4B-4954-40FF-AB81-B92C44E21FEC}.Ad-Hoc|iPhone.Build.0 = Release|x86
		{E1211B4B-4954-40FF-AB81-B92C44E21FEC}.Ad-Hoc|iPhone.Deploy.0 = Release|x86
		{E1211B4B-4954-40FF-AB81-B92C44E21FEC}.Ad-Hoc|iPhoneSimulator.ActiveCfg = Release|x86
		{E1211B4B-4954-40FF-AB81-B92C44E21FEC}.Ad-Hoc|iPhoneSimulator.Build.0 = Release|x86
		{E1211B4B-4954-40FF-AB81-B92C44E21FEC}.Ad-Hoc|iPhoneSimulator.Deploy.0 = Release|x86
		{E1211B4B-4954-40FF-AB81-B92C44E21FEC}.Ad-Hoc|x64.ActiveCfg = Release|x64
		{E1211B4B-4954-40FF-AB81-B92C44E21FEC}.Ad-Hoc|x64.Build.0 = Release|x64
		{E1211B4B-4954-40FF-AB81-B92C44E21FEC}.Ad-Hoc|x64.Deploy.0 = Release|x64
		{E1211B4B-4954-40FF-AB81-B92C44E21FEC}.Ad-Hoc|x86.ActiveCfg = Release|x86
		{E1211B4B-4954-40FF-AB81-B92C44E21FEC}.Ad-Hoc|x86.Build.0 = Release|x86
		{E1211B4B-4954-40FF-AB81-B92C44E21FEC}.Ad-Hoc|x86.Deploy.0 = Release|x86
		{E1211B4B-4954-40FF-AB81-B92C44E21FEC}.AppStore|Any CPU.ActiveCfg = Release|x86
		{E1211B4B-4954-40FF-AB81-B92C44E21FEC}.AppStore|Any CPU.Build.0 = Release|x86
		{E1211B4B-4954-40FF-AB81-B92C44E21FEC}.AppStore|Any CPU.Deploy.0 = Release|x86
		{E1211B4B-4954-40FF-AB81-B92C44E21FEC}.AppStore|ARM.ActiveCfg = Release|ARM
		{E1211B4B-4954-40FF-AB81-B92C44E21FEC}.AppStore|ARM.Build.0 = Release|ARM
		{E1211B4B-4954-40FF-AB81-B92C44E21FEC}.AppStore|ARM.Deploy.0 = Release|ARM
		{E1211B4B-4954-40FF-AB81-B92C44E21FEC}.AppStore|iPhone.ActiveCfg = Release|x86
		{E1211B4B-4954-40FF-AB81-B92C44E21FEC}.AppStore|iPhone.Build.0 = Release|x86
		{E1211B4B-4954-40FF-AB81-B92C44E21FEC}.AppStore|iPhone.Deploy.0 = Release|x86
		{E1211B4B-4954-40FF-AB81-B92C44E21FEC}.AppStore|iPhoneSimulator.ActiveCfg = Release|x86
		{E1211B4B-4954-40FF-AB81-B92C44E21FEC}.AppStore|iPhoneSimulator.Build.0 = Release|x86
		{E1211B4B-4954-40FF-AB81-B92C44E21FEC}.AppStore|iPhoneSimulator.Deploy.0 = Release|x86
		{E1211B4B-4954-40FF-AB81-B92C44E21FEC}.AppStore|x64.ActiveCfg = Release|x64
		{E1211B4B-4954-40FF-AB81-B92C44E21FEC}.AppStore|x64.Build.0 = Release|x64
		{E1211B4B-4954-40FF-AB81-B92C44E21FEC}.AppStore|x64.Deploy.0 = Release|x64
		{E1211B4B-4954-40FF-AB81-B92C44E21FEC}.AppStore|x86.ActiveCfg = Release|x86
		{E1211B4B-4954-40FF-AB81-B92C44E21FEC}.AppStore|x86.Build.0 = Release|x86
		{E1211B4B-4954-40FF-AB81-B92C44E21FEC}.AppStore|x86.Deploy.0 = Release|x86
		{E1211B4B-4954-40FF-AB81-B92C44E21FEC}.Debug|Any CPU.ActiveCfg = Debug|x86
		{E1211B4B-4954-40FF-AB81-B92C44E21FEC}.Debug|Any CPU.Build.0 = Debug|x86
		{E1211B4B-4954-40FF-AB81-B92C44E21FEC}.Debug|Any CPU.Deploy.0 = Debug|x86
		{E1211B4B-4954-40FF-AB81-B92C44E21FEC}.Debug|ARM.ActiveCfg = Debug|ARM
		{E1211B4B-4954-40FF-AB81-B92C44E21FEC}.Debug|ARM.Build.0 = Debug|ARM
		{E1211B4B-4954-40FF-AB81-B92C44E21FEC}.Debug|ARM.Deploy.0 = Debug|ARM
		{E1211B4B-4954-40FF-AB81-B92C44E21FEC}.Debug|iPhone.ActiveCfg = Debug|x86
		{E1211B4B-4954-40FF-AB81-B92C44E21FEC}.Debug|iPhone.Build.0 = Debug|x86
		{E1211B4B-4954-40FF-AB81-B92C44E21FEC}.Debug|iPhone.Deploy.0 = Debug|x86
		{E1211B4B-4954-40FF-AB81-B92C44E21FEC}.Debug|iPhoneSimulator.ActiveCfg = Debug|x86
		{E1211B4B-4954-40FF-AB81-B92C44E21FEC}.Debug|iPhoneSimulator.Build.0 = Debug|x86
		{E1211B4B-4954-40FF-AB81-B92C44E21FEC}.Debug|iPhoneSimulator.Deploy.0 = Debug|x86
		{E1211B4B-4954-40FF-AB81-B92C44E21FEC}.Debug|x64.ActiveCfg = Debug|x64
		{E1211B4B-4954-40FF-AB81-B92C44E21FEC}.Debug|x64.Build.0 = Debug|x64
		{E1211B4B-4954-40FF-AB81-B92C44E21FEC}.Debug|x64.Deploy.0 = Debug|x64
		{E1211B4B-4954-40FF-AB81-B92C44E21FEC}.Debug|x86.ActiveCfg = Debug|x86
		{E1211B4B-4954-40FF-AB81-B92C44E21FEC}.Debug|x86.Build.0 = Debug|x86
		{E1211B4B-4954-40FF-AB81-B92C44E21FEC}.Debug|x86.Deploy.0 = Debug|x86
		{E1211B4B-4954-40FF-AB81-B92C44E21FEC}.Release|Any CPU.ActiveCfg = Release|x86
		{E1211B4B-4954-40FF-AB81-B92C44E21FEC}.Release|Any CPU.Build.0 = Release|x86
		{E1211B4B-4954-40FF-AB81-B92C44E21FEC}.Release|Any CPU.Deploy.0 = Release|x86
		{E1211B4B-4954-40FF-AB81-B92C44E21FEC}.Release|ARM.ActiveCfg = Release|ARM
		{E1211B4B-4954-40FF-AB81-B92C44E21FEC}.Release|ARM.Build.0 = Release|ARM
		{E1211B4B-4954-40FF-AB81-B92C44E21FEC}.Release|ARM.Deploy.0 = Release|ARM
		{E1211B4B-4954-40FF-AB81-B92C44E21FEC}.Release|iPhone.ActiveCfg = Release|x86
		{E1211B4B-4954-40FF-AB81-B92C44E21FEC}.Release|iPhone.Build.0 = Release|x86
		{E1211B4B-4954-40FF-AB81-B92C44E21FEC}.Release|iPhone.Deploy.0 = Release|x86
		{E1211B4B-4954-40FF-AB81-B92C44E21FEC}.Release|iPhoneSimulator.ActiveCfg = Release|x86
		{E1211B4B-4954-40FF-AB81-B92C44E21FEC}.Release|iPhoneSimulator.Build.0 = Release|x86
		{E1211B4B-4954-40FF-AB81-B92C44E21FEC}.Release|iPhoneSimulator.Deploy.0 = Release|x86
		{E1211B4B-4954-40FF-AB81-B92C44E21FEC}.Release|x64.ActiveCfg = Release|x64
		{E1211B4B-4954-40FF-AB81-B92C44E21FEC}.Release|x64.Build.0 = Release|x64
		{E1211B4B-4954-40FF-AB81-B92C44E21FEC}.Release|x64.Deploy.0 = Release|x64
		{E1211B4B-4954-40FF-AB81-B92C44E21FEC}.Release|x86.ActiveCfg = Release|x86
		{E1211B4B-4954-40FF-AB81-B92C44E21FEC}.Release|x86.Build.0 = Release|x86
		{E1211B4B-4954-40FF-AB81-B92C44E21FEC}.Release|x86.Deploy.0 = Release|x86
		{32C02C31-73B3-4AAF-A2B3-483EA347D376}.Ad-Hoc|Any CPU.ActiveCfg = Debug|Any CPU
		{32C02C31-73B3-4AAF-A2B3-483EA347D376}.Ad-Hoc|Any CPU.Build.0 = Debug|Any CPU
		{32C02C31-73B3-4AAF-A2B3-483EA347D376}.Ad-Hoc|Any CPU.Deploy.0 = Debug|Any CPU
		{32C02C31-73B3-4AAF-A2B3-483EA347D376}.Ad-Hoc|ARM.ActiveCfg = Debug|Any CPU
		{32C02C31-73B3-4AAF-A2B3-483EA347D376}.Ad-Hoc|ARM.Build.0 = Debug|Any CPU
		{32C02C31-73B3-4AAF-A2B3-483EA347D376}.Ad-Hoc|ARM.Deploy.0 = Debug|Any CPU
		{32C02C31-73B3-4AAF-A2B3-483EA347D376}.Ad-Hoc|iPhone.ActiveCfg = Debug|Any CPU
		{32C02C31-73B3-4AAF-A2B3-483EA347D376}.Ad-Hoc|iPhone.Build.0 = Debug|Any CPU
		{32C02C31-73B3-4AAF-A2B3-483EA347D376}.Ad-Hoc|iPhone.Deploy.0 = Debug|Any CPU
		{32C02C31-73B3-4AAF-A2B3-483EA347D376}.Ad-Hoc|iPhoneSimulator.ActiveCfg = Debug|Any CPU
		{32C02C31-73B3-4AAF-A2B3-483EA347D376}.Ad-Hoc|iPhoneSimulator.Build.0 = Debug|Any CPU
		{32C02C31-73B3-4AAF-A2B3-483EA347D376}.Ad-Hoc|iPhoneSimulator.Deploy.0 = Debug|Any CPU
		{32C02C31-73B3-4AAF-A2B3-483EA347D376}.Ad-Hoc|x64.ActiveCfg = Debug|Any CPU
		{32C02C31-73B3-4AAF-A2B3-483EA347D376}.Ad-Hoc|x64.Build.0 = Debug|Any CPU
		{32C02C31-73B3-4AAF-A2B3-483EA347D376}.Ad-Hoc|x64.Deploy.0 = Debug|Any CPU
		{32C02C31-73B3-4AAF-A2B3-483EA347D376}.Ad-Hoc|x86.ActiveCfg = Debug|Any CPU
		{32C02C31-73B3-4AAF-A2B3-483EA347D376}.Ad-Hoc|x86.Build.0 = Debug|Any CPU
		{32C02C31-73B3-4AAF-A2B3-483EA347D376}.Ad-Hoc|x86.Deploy.0 = Debug|Any CPU
		{32C02C31-73B3-4AAF-A2B3-483EA347D376}.AppStore|Any CPU.ActiveCfg = Debug|Any CPU
		{32C02C31-73B3-4AAF-A2B3-483EA347D376}.AppStore|Any CPU.Build.0 = Debug|Any CPU
		{32C02C31-73B3-4AAF-A2B3-483EA347D376}.AppStore|Any CPU.Deploy.0 = Debug|Any CPU
		{32C02C31-73B3-4AAF-A2B3-483EA347D376}.AppStore|ARM.ActiveCfg = Debug|Any CPU
		{32C02C31-73B3-4AAF-A2B3-483EA347D376}.AppStore|ARM.Build.0 = Debug|Any CPU
		{32C02C31-73B3-4AAF-A2B3-483EA347D376}.AppStore|ARM.Deploy.0 = Debug|Any CPU
		{32C02C31-73B3-4AAF-A2B3-483EA347D376}.AppStore|iPhone.ActiveCfg = Debug|Any CPU
		{32C02C31-73B3-4AAF-A2B3-483EA347D376}.AppStore|iPhone.Build.0 = Debug|Any CPU
		{32C02C31-73B3-4AAF-A2B3-483EA347D376}.AppStore|iPhone.Deploy.0 = Debug|Any CPU
		{32C02C31-73B3-4AAF-A2B3-483EA347D376}.AppStore|iPhoneSimulator.ActiveCfg = Debug|Any CPU
		{32C02C31-73B3-4AAF-A2B3-483EA347D376}.AppStore|iPhoneSimulator.Build.0 = Debug|Any CPU
		{32C02C31-73B3-4AAF-A2B3-483EA347D376}.AppStore|iPhoneSimulator.Deploy.0 = Debug|Any CPU
		{32C02C31-73B3-4AAF-A2B3-483EA347D376}.AppStore|x64.ActiveCfg = Debug|Any CPU
		{32C02C31-73B3-4AAF-A2B3-483EA347D376}.AppStore|x64.Build.0 = Debug|Any CPU
		{32C02C31-73B3-4AAF-A2B3-483EA347D376}.AppStore|x64.Deploy.0 = Debug|Any CPU
		{32C02C31-73B3-4AAF-A2B3-483EA347D376}.AppStore|x86.ActiveCfg = Debug|Any CPU
		{32C02C31-73B3-4AAF-A2B3-483EA347D376}.AppStore|x86.Build.0 = Debug|Any CPU
		{32C02C31-73B3-4AAF-A2B3-483EA347D376}.AppStore|x86.Deploy.0 = Debug|Any CPU
		{32C02C31-73B3-4AAF-A2B3-483EA347D376}.Debug|Any CPU.ActiveCfg = Debug|Any CPU
		{32C02C31-73B3-4AAF-A2B3-483EA347D376}.Debug|Any CPU.Build.0 = Debug|Any CPU
		{32C02C31-73B3-4AAF-A2B3-483EA347D376}.Debug|Any CPU.Deploy.0 = Debug|Any CPU
		{32C02C31-73B3-4AAF-A2B3-483EA347D376}.Debug|ARM.ActiveCfg = Debug|Any CPU
		{32C02C31-73B3-4AAF-A2B3-483EA347D376}.Debug|ARM.Build.0 = Debug|Any CPU
		{32C02C31-73B3-4AAF-A2B3-483EA347D376}.Debug|ARM.Deploy.0 = Debug|Any CPU
		{32C02C31-73B3-4AAF-A2B3-483EA347D376}.Debug|iPhone.ActiveCfg = Debug|Any CPU
		{32C02C31-73B3-4AAF-A2B3-483EA347D376}.Debug|iPhone.Build.0 = Debug|Any CPU
		{32C02C31-73B3-4AAF-A2B3-483EA347D376}.Debug|iPhone.Deploy.0 = Debug|Any CPU
		{32C02C31-73B3-4AAF-A2B3-483EA347D376}.Debug|iPhoneSimulator.ActiveCfg = Debug|Any CPU
		{32C02C31-73B3-4AAF-A2B3-483EA347D376}.Debug|iPhoneSimulator.Build.0 = Debug|Any CPU
		{32C02C31-73B3-4AAF-A2B3-483EA347D376}.Debug|iPhoneSimulator.Deploy.0 = Debug|Any CPU
		{32C02C31-73B3-4AAF-A2B3-483EA347D376}.Debug|x64.ActiveCfg = Debug|Any CPU
		{32C02C31-73B3-4AAF-A2B3-483EA347D376}.Debug|x64.Build.0 = Debug|Any CPU
		{32C02C31-73B3-4AAF-A2B3-483EA347D376}.Debug|x64.Deploy.0 = Debug|Any CPU
		{32C02C31-73B3-4AAF-A2B3-483EA347D376}.Debug|x86.ActiveCfg = Debug|Any CPU
		{32C02C31-73B3-4AAF-A2B3-483EA347D376}.Debug|x86.Build.0 = Debug|Any CPU
		{32C02C31-73B3-4AAF-A2B3-483EA347D376}.Debug|x86.Deploy.0 = Debug|Any CPU
		{32C02C31-73B3-4AAF-A2B3-483EA347D376}.Release|Any CPU.ActiveCfg = Release|Any CPU
		{32C02C31-73B3-4AAF-A2B3-483EA347D376}.Release|Any CPU.Build.0 = Release|Any CPU
		{32C02C31-73B3-4AAF-A2B3-483EA347D376}.Release|Any CPU.Deploy.0 = Release|Any CPU
		{32C02C31-73B3-4AAF-A2B3-483EA347D376}.Release|ARM.ActiveCfg = Release|Any CPU
		{32C02C31-73B3-4AAF-A2B3-483EA347D376}.Release|ARM.Build.0 = Release|Any CPU
		{32C02C31-73B3-4AAF-A2B3-483EA347D376}.Release|ARM.Deploy.0 = Release|Any CPU
		{32C02C31-73B3-4AAF-A2B3-483EA347D376}.Release|iPhone.ActiveCfg = Release|Any CPU
		{32C02C31-73B3-4AAF-A2B3-483EA347D376}.Release|iPhone.Build.0 = Release|Any CPU
		{32C02C31-73B3-4AAF-A2B3-483EA347D376}.Release|iPhone.Deploy.0 = Release|Any CPU
		{32C02C31-73B3-4AAF-A2B3-483EA347D376}.Release|iPhoneSimulator.ActiveCfg = Release|Any CPU
		{32C02C31-73B3-4AAF-A2B3-483EA347D376}.Release|iPhoneSimulator.Build.0 = Release|Any CPU
		{32C02C31-73B3-4AAF-A2B3-483EA347D376}.Release|iPhoneSimulator.Deploy.0 = Release|Any CPU
		{32C02C31-73B3-4AAF-A2B3-483EA347D376}.Release|x64.ActiveCfg = Release|Any CPU
		{32C02C31-73B3-4AAF-A2B3-483EA347D376}.Release|x64.Build.0 = Release|Any CPU
		{32C02C31-73B3-4AAF-A2B3-483EA347D376}.Release|x64.Deploy.0 = Release|Any CPU
		{32C02C31-73B3-4AAF-A2B3-483EA347D376}.Release|x86.ActiveCfg = Release|Any CPU
		{32C02C31-73B3-4AAF-A2B3-483EA347D376}.Release|x86.Build.0 = Release|Any CPU
		{32C02C31-73B3-4AAF-A2B3-483EA347D376}.Release|x86.Deploy.0 = Release|Any CPU
	EndGlobalSection
	GlobalSection(SolutionProperties) = preSolution
		HideSolutionNode = FALSE
	EndGlobalSection
	GlobalSection(ExtensibilityGlobals) = postSolution
		SolutionGuid = {185EACAD-8F0A-400E-83F3-CE83AD91B1E1}
	EndGlobalSection
EndGlobal
